
Microsoft Visual Studio Solution File, Format Version 12.00
# Visual Studio Version 16
VisualStudioVersion = 16.0.30225.117
MinimumVisualStudioVersion = 10.0.40219.1
Project("{FAE04EC0-301F-11D3-BF4B-00C04F79EFBC}") = "challenge-1", "challenge-1.csproj", "{3C3D6770-9ABD-4A8F-A6C0-75CE5D57B9B4}"
EndProject
Global
	GlobalSection(SolutionConfigurationPlatforms) = preSolution
		Debug|Any CPU = Debug|Any CPU
		Release|Any CPU = Release|Any CPU
	EndGlobalSection
	GlobalSection(ProjectConfigurationPlatforms) = postSolution
		{3C3D6770-9ABD-4A8F-A6C0-75CE5D57B9B4}.Debug|Any CPU.ActiveCfg = Debug|Any CPU
		{3C3D6770-9ABD-4A8F-A6C0-75CE5D57B9B4}.Debug|Any CPU.Build.0 = Debug|Any CPU
		{3C3D6770-9ABD-4A8F-A6C0-75CE5D57B9B4}.Release|Any CPU.ActiveCfg = Release|Any CPU
		{3C3D6770-9ABD-4A8F-A6C0-75CE5D57B9B4}.Release|Any CPU.Build.0 = Release|Any CPU
	EndGlobalSection
	GlobalSection(SolutionProperties) = preSolution
		HideSolutionNode = FALSE
	EndGlobalSection
	GlobalSection(ExtensibilityGlobals) = postSolution
		SolutionGuid = {3332644C-3247-4443-B4BD-C85F5D76D6D6}
	EndGlobalSection
EndGlobal
